
Microsoft Visual Studio Solution File, Format Version 12.00
# Visual Studio Version 16
VisualStudioVersion = 16.0.31321.278
MinimumVisualStudioVersion = 10.0.40219.1
Project("{FAE04EC0-301F-11D3-BF4B-00C04F79EFBC}") = "Project", "Project\Project.csproj", "{AE4F8954-7A70-4DD4-953F-D903B5197D7F}"
EndProject
Global
	GlobalSection(SolutionConfigurationPlatforms) = preSolution
		Debug|Any CPU = Debug|Any CPU
		Release|Any CPU = Release|Any CPU
	EndGlobalSection
	GlobalSection(ProjectConfigurationPlatforms) = postSolution
		{AE4F8954-7A70-4DD4-953F-D903B5197D7F}.Debug|Any CPU.ActiveCfg = Debug|Any CPU
		{AE4F8954-7A70-4DD4-953F-D903B5197D7F}.Debug|Any CPU.Build.0 = Debug|Any CPU
		{AE4F8954-7A70-4DD4-953F-D903B5197D7F}.Release|Any CPU.ActiveCfg = Release|Any CPU
		{AE4F8954-7A70-4DD4-953F-D903B5197D7F}.Release|Any CPU.Build.0 = Release|Any CPU
	EndGlobalSection
	GlobalSection(SolutionProperties) = preSolution
		HideSolutionNode = FALSE
	EndGlobalSection
	GlobalSection(ExtensibilityGlobals) = postSolution
		SolutionGuid = {8E572605-2D59-41EA-B9FC-87F4AAE0706A}
	EndGlobalSection
EndGlobal
